
Microsoft Visual Studio Solution File, Format Version 12.00
# Visual Studio Version 16
VisualStudioVersion = 16.0.29424.173
MinimumVisualStudioVersion = 10.0.40219.1
Project("{FAE04EC0-301F-11D3-BF4B-00C04F79EFBC}") = "SearchApp.Web", "SearchApp.Web\SearchApp.Web.csproj", "{F456ECD3-BF3E-4A43-BB3B-D797B981B8C8}"
EndProject
Project("{FAE04EC0-301F-11D3-BF4B-00C04F79EFBC}") = "SearchApp.DataLayer", "SearchApp.DataLayer\SearchApp.DataLayer.csproj", "{0CCA3D0D-A381-42CC-908E-FF191AD74EC5}"
EndProject
Project("{FAE04EC0-301F-11D3-BF4B-00C04F79EFBC}") = "SearchApp.BusinessLayer", "SearchApp.BusinessLayer\SearchApp.BusinessLayer.csproj", "{155A675D-30BA-4E9D-A428-F33CAD90F78D}"
EndProject
Project("{FAE04EC0-301F-11D3-BF4B-00C04F79EFBC}") = "SearchApp.Tests", "SearchApp.Tests\SearchApp.Tests.csproj", "{B1A3EC9C-8CF8-4E3D-9270-633FED2BA788}"
EndProject
Global
	GlobalSection(SolutionConfigurationPlatforms) = preSolution
		Debug|Any CPU = Debug|Any CPU
		Release|Any CPU = Release|Any CPU
	EndGlobalSection
	GlobalSection(ProjectConfigurationPlatforms) = postSolution
		{F456ECD3-BF3E-4A43-BB3B-D797B981B8C8}.Debug|Any CPU.ActiveCfg = Debug|Any CPU
		{F456ECD3-BF3E-4A43-BB3B-D797B981B8C8}.Debug|Any CPU.Build.0 = Debug|Any CPU
		{F456ECD3-BF3E-4A43-BB3B-D797B981B8C8}.Release|Any CPU.ActiveCfg = Release|Any CPU
		{F456ECD3-BF3E-4A43-BB3B-D797B981B8C8}.Release|Any CPU.Build.0 = Release|Any CPU
		{0CCA3D0D-A381-42CC-908E-FF191AD74EC5}.Debug|Any CPU.ActiveCfg = Debug|Any CPU
		{0CCA3D0D-A381-42CC-908E-FF191AD74EC5}.Debug|Any CPU.Build.0 = Debug|Any CPU
		{0CCA3D0D-A381-42CC-908E-FF191AD74EC5}.Release|Any CPU.ActiveCfg = Release|Any CPU
		{0CCA3D0D-A381-42CC-908E-FF191AD74EC5}.Release|Any CPU.Build.0 = Release|Any CPU
		{155A675D-30BA-4E9D-A428-F33CAD90F78D}.Debug|Any CPU.ActiveCfg = Debug|Any CPU
		{155A675D-30BA-4E9D-A428-F33CAD90F78D}.Debug|Any CPU.Build.0 = Debug|Any CPU
		{155A675D-30BA-4E9D-A428-F33CAD90F78D}.Release|Any CPU.ActiveCfg = Release|Any CPU
		{155A675D-30BA-4E9D-A428-F33CAD90F78D}.Release|Any CPU.Build.0 = Release|Any CPU
		{B1A3EC9C-8CF8-4E3D-9270-633FED2BA788}.Debug|Any CPU.ActiveCfg = Debug|Any CPU
		{B1A3EC9C-8CF8-4E3D-9270-633FED2BA788}.Debug|Any CPU.Build.0 = Debug|Any CPU
		{B1A3EC9C-8CF8-4E3D-9270-633FED2BA788}.Release|Any CPU.ActiveCfg = Release|Any CPU
		{B1A3EC9C-8CF8-4E3D-9270-633FED2BA788}.Release|Any CPU.Build.0 = Release|Any CPU
	EndGlobalSection
	GlobalSection(SolutionProperties) = preSolution
		HideSolutionNode = FALSE
	EndGlobalSection
	GlobalSection(ExtensibilityGlobals) = postSolution
		SolutionGuid = {337987AA-2AEE-4F92-93BA-F737D6207033}
	EndGlobalSection
EndGlobal
